
Microsoft Visual Studio Solution File, Format Version 12.00
# Visual Studio 15
VisualStudioVersion = 15.0.27004.2006
MinimumVisualStudioVersion = 10.0.40219.1
Project("{FAE04EC0-301F-11D3-BF4B-00C04F79EFBC}") = "SinglePageCMS", "SinglePageCMS\SinglePageCMS.csproj", "{AE3BE4D4-060B-4D08-9CD0-EF995EF4C56E}"
EndProject
Global
	GlobalSection(SolutionConfigurationPlatforms) = preSolution
		Debug|Any CPU = Debug|Any CPU
		Release|Any CPU = Release|Any CPU
	EndGlobalSection
	GlobalSection(ProjectConfigurationPlatforms) = postSolution
		{AE3BE4D4-060B-4D08-9CD0-EF995EF4C56E}.Debug|Any CPU.ActiveCfg = Debug|Any CPU
		{AE3BE4D4-060B-4D08-9CD0-EF995EF4C56E}.Debug|Any CPU.Build.0 = Debug|Any CPU
		{AE3BE4D4-060B-4D08-9CD0-EF995EF4C56E}.Release|Any CPU.ActiveCfg = Release|Any CPU
		{AE3BE4D4-060B-4D08-9CD0-EF995EF4C56E}.Release|Any CPU.Build.0 = Release|Any CPU
	EndGlobalSection
	GlobalSection(SolutionProperties) = preSolution
		HideSolutionNode = FALSE
	EndGlobalSection
	GlobalSection(ExtensibilityGlobals) = postSolution
		SolutionGuid = {B1D2057D-A0A2-45C7-9BD0-2EDB191E4AD7}
	EndGlobalSection
EndGlobal
